
Microsoft Visual Studio Solution File, Format Version 12.00
# Visual Studio Version 17
VisualStudioVersion = 17.8.34525.116
MinimumVisualStudioVersion = 10.0.40219.1
Project("{FAE04EC0-301F-11D3-BF4B-00C04F79EFBC}") = "Classcodetest", "Classcodetest.csproj", "{23222E9B-0D34-44BA-8550-434096F55B72}"
EndProject
Global
	GlobalSection(SolutionConfigurationPlatforms) = preSolution
		Debug|Any CPU = Debug|Any CPU
		Release|Any CPU = Release|Any CPU
	EndGlobalSection
	GlobalSection(ProjectConfigurationPlatforms) = postSolution
		{23222E9B-0D34-44BA-8550-434096F55B72}.Debug|Any CPU.ActiveCfg = Debug|Any CPU
		{23222E9B-0D34-44BA-8550-434096F55B72}.Debug|Any CPU.Build.0 = Debug|Any CPU
		{23222E9B-0D34-44BA-8550-434096F55B72}.Release|Any CPU.ActiveCfg = Release|Any CPU
		{23222E9B-0D34-44BA-8550-434096F55B72}.Release|Any CPU.Build.0 = Release|Any CPU
	EndGlobalSection
	GlobalSection(SolutionProperties) = preSolution
		HideSolutionNode = FALSE
	EndGlobalSection
	GlobalSection(ExtensibilityGlobals) = postSolution
		SolutionGuid = {B0F8C90A-BD3D-4418-AD5B-D517C8B03F28}
	EndGlobalSection
EndGlobal
